PODS:
  - Capacitor (1.2.1):
    - CapacitorCordova (= 1.2.1)
  - CapacitorCordova (1.2.1)
  - DeviceKit (2.3.0)

DEPENDENCIES:
  - "Capacitor (from `../node_modules/@capacitor/ios`)"
  - "CapacitorCordova (from `../node_modules/@capacitor/ios`)"
  - DeviceKit (~> 2.3)

SPEC REPOS:
  https://github.com/cocoapods/specs.git:
    - DeviceKit

EXTERNAL SOURCES:
  Capacitor:
    :path: "../node_modules/@capacitor/ios"
  CapacitorCordova:
    :path: "../node_modules/@capacitor/ios"

SPEC CHECKSUMS:
  Capacitor: e89d041bf912bccbbccab2e07d0f32aa4ca0f11a
  CapacitorCordova: 806e405d02de22c10a9b20a2ee4fb3f097cfb8a5
  DeviceKit: da103891aa928d89f64ea8dd8aca738c5f3d8ac0

PODFILE CHECKSUM: c95402e727b1e8050fe379d60e8352a81cafe429

COCOAPODS: 1.7.5
